
Microsoft Visual Studio Solution File, Format Version 12.00
# Visual Studio 15
VisualStudioVersion = 15.0.27428.2005
MinimumVisualStudioVersion = 10.0.40219.1
Project("{FAE04EC0-301F-11D3-BF4B-00C04F79EFBC}") = "Half-RLE", "Half-RLE.csproj", "{2396B2FE-7B85-40E3-92E1-DB93820FAE3C}"
EndProject
Project("{FAE04EC0-301F-11D3-BF4B-00C04F79EFBC}") = "Interfaces", "interfaces\Interfaces.csproj", "{E5898AD9-B2D8-4607-B772-63FDB876F4DA}"
EndProject
Project("{FAE04EC0-301F-11D3-BF4B-00C04F79EFBC}") = "HalfRLE_tests", "HalfRLE_tests\HalfRLE_tests.csproj", "{C481BB75-F381-43D8-A1C5-51A3E50DAF28}"
EndProject
Global
	GlobalSection(SolutionConfigurationPlatforms) = preSolution
		Debug|Any CPU = Debug|Any CPU
		Release|Any CPU = Release|Any CPU
	EndGlobalSection
	GlobalSection(ProjectConfigurationPlatforms) = postSolution
		{2396B2FE-7B85-40E3-92E1-DB93820FAE3C}.Debug|Any CPU.ActiveCfg = Debug|Any CPU
		{2396B2FE-7B85-40E3-92E1-DB93820FAE3C}.Debug|Any CPU.Build.0 = Debug|Any CPU
		{2396B2FE-7B85-40E3-92E1-DB93820FAE3C}.Release|Any CPU.ActiveCfg = Release|Any CPU
		{2396B2FE-7B85-40E3-92E1-DB93820FAE3C}.Release|Any CPU.Build.0 = Release|Any CPU
		{E5898AD9-B2D8-4607-B772-63FDB876F4DA}.Debug|Any CPU.ActiveCfg = Debug|Any CPU
		{E5898AD9-B2D8-4607-B772-63FDB876F4DA}.Debug|Any CPU.Build.0 = Debug|Any CPU
		{E5898AD9-B2D8-4607-B772-63FDB876F4DA}.Release|Any CPU.ActiveCfg = Release|Any CPU
		{E5898AD9-B2D8-4607-B772-63FDB876F4DA}.Release|Any CPU.Build.0 = Release|Any CPU
		{C481BB75-F381-43D8-A1C5-51A3E50DAF28}.Debug|Any CPU.ActiveCfg = Debug|Any CPU
		{C481BB75-F381-43D8-A1C5-51A3E50DAF28}.Debug|Any CPU.Build.0 = Debug|Any CPU
		{C481BB75-F381-43D8-A1C5-51A3E50DAF28}.Release|Any CPU.ActiveCfg = Release|Any CPU
		{C481BB75-F381-43D8-A1C5-51A3E50DAF28}.Release|Any CPU.Build.0 = Release|Any CPU
	EndGlobalSection
	GlobalSection(SolutionProperties) = preSolution
		HideSolutionNode = FALSE
	EndGlobalSection
	GlobalSection(ExtensibilityGlobals) = postSolution
		SolutionGuid = {68D940B7-4C03-4D86-AB5B-31052E62658A}
	EndGlobalSection
EndGlobal
